
Microsoft Visual Studio Solution File, Format Version 12.00
# Visual Studio Version 16
VisualStudioVersion = 16.0.31624.102
MinimumVisualStudioVersion = 10.0.40219.1
Project("{8BC9CEB8-8B4A-11D0-8D11-00A0C91BC942}") = "Euler_Principal_Axis_Angle_To_Matrix", "Euler_Principal_Axis_Angle_To_Matrix\Euler_Principal_Axis_Angle_To_Matrix.vcxproj", "{2726B3CE-4C3D-4B64-9EA2-E1DCE28B96C9}"
EndProject
Project("{8BC9CEB8-8B4A-11D0-8D11-00A0C91BC942}") = "Vector_Rotated_By_Quaternion", "Vector_Rotated_By_Quaternion\Vector_Rotated_By_Quaternion.vcxproj", "{5FC0766E-E342-4FA4-A0EA-A1243364D4C5}"
EndProject
Project("{8BC9CEB8-8B4A-11D0-8D11-00A0C91BC942}") = "Set_Of_Rotations_With_Traces", "Set_Of_Rotations_With_Traces\Set_Of_Rotations_With_Traces.vcxproj", "{025390F1-2460-44D9-826F-49296A77F5A6}"
EndProject
Project("{8BC9CEB8-8B4A-11D0-8D11-00A0C91BC942}") = "Euler_Angles_To_Matrix_And_Back", "Euler_Angles_To_Matrix_And_Back\Euler_Angles_To_Matrix_And_Back.vcxproj", "{A2C5A640-6529-4A58-AFAC-0961855B2A20}"
EndProject
Project("{8BC9CEB8-8B4A-11D0-8D11-00A0C91BC942}") = "Chained_Rotations", "Chained_Rotations\Chained_Rotations.vcxproj", "{28877873-6BE6-4E48-BB1A-2F789E5E7B11}"
EndProject
Project("{8BC9CEB8-8B4A-11D0-8D11-00A0C91BC942}") = "Rotation_Solver", "Rotation_Solver\Rotation_Solver.vcxproj", "{87488372-D63D-4FBD-A49D-C4BCE27DDA90}"
EndProject
Global
	GlobalSection(SolutionConfigurationPlatforms) = preSolution
		Debug|x64 = Debug|x64
		Debug|x86 = Debug|x86
		Release|x64 = Release|x64
		Release|x86 = Release|x86
	EndGlobalSection
	GlobalSection(ProjectConfigurationPlatforms) = postSolution
		{2726B3CE-4C3D-4B64-9EA2-E1DCE28B96C9}.Debug|x64.ActiveCfg = Debug|x64
		{2726B3CE-4C3D-4B64-9EA2-E1DCE28B96C9}.Debug|x64.Build.0 = Debug|x64
		{2726B3CE-4C3D-4B64-9EA2-E1DCE28B96C9}.Debug|x86.ActiveCfg = Debug|Win32
		{2726B3CE-4C3D-4B64-9EA2-E1DCE28B96C9}.Debug|x86.Build.0 = Debug|Win32
		{2726B3CE-4C3D-4B64-9EA2-E1DCE28B96C9}.Release|x64.ActiveCfg = Release|x64
		{2726B3CE-4C3D-4B64-9EA2-E1DCE28B96C9}.Release|x64.Build.0 = Release|x64
		{2726B3CE-4C3D-4B64-9EA2-E1DCE28B96C9}.Release|x86.ActiveCfg = Release|Win32
		{2726B3CE-4C3D-4B64-9EA2-E1DCE28B96C9}.Release|x86.Build.0 = Release|Win32
		{5FC0766E-E342-4FA4-A0EA-A1243364D4C5}.Debug|x64.ActiveCfg = Debug|x64
		{5FC0766E-E342-4FA4-A0EA-A1243364D4C5}.Debug|x64.Build.0 = Debug|x64
		{5FC0766E-E342-4FA4-A0EA-A1243364D4C5}.Debug|x86.ActiveCfg = Debug|Win32
		{5FC0766E-E342-4FA4-A0EA-A1243364D4C5}.Debug|x86.Build.0 = Debug|Win32
		{5FC0766E-E342-4FA4-A0EA-A1243364D4C5}.Release|x64.ActiveCfg = Release|x64
		{5FC0766E-E342-4FA4-A0EA-A1243364D4C5}.Release|x64.Build.0 = Release|x64
		{5FC0766E-E342-4FA4-A0EA-A1243364D4C5}.Release|x86.ActiveCfg = Release|Win32
		{5FC0766E-E342-4FA4-A0EA-A1243364D4C5}.Release|x86.Build.0 = Release|Win32
		{025390F1-2460-44D9-826F-49296A77F5A6}.Debug|x64.ActiveCfg = Debug|x64
		{025390F1-2460-44D9-826F-49296A77F5A6}.Debug|x64.Build.0 = Debug|x64
		{025390F1-2460-44D9-826F-49296A77F5A6}.Debug|x86.ActiveCfg = Debug|Win32
		{025390F1-2460-44D9-826F-49296A77F5A6}.Debug|x86.Build.0 = Debug|Win32
		{025390F1-2460-44D9-826F-49296A77F5A6}.Release|x64.ActiveCfg = Release|x64
		{025390F1-2460-44D9-826F-49296A77F5A6}.Release|x64.Build.0 = Release|x64
		{025390F1-2460-44D9-826F-49296A77F5A6}.Release|x86.ActiveCfg = Release|Win32
		{025390F1-2460-44D9-826F-49296A77F5A6}.Release|x86.Build.0 = Release|Win32
		{A2C5A640-6529-4A58-AFAC-0961855B2A20}.Debug|x64.ActiveCfg = Debug|x64
		{A2C5A640-6529-4A58-AFAC-0961855B2A20}.Debug|x64.Build.0 = Debug|x64
		{A2C5A640-6529-4A58-AFAC-0961855B2A20}.Debug|x86.ActiveCfg = Debug|Win32
		{A2C5A640-6529-4A58-AFAC-0961855B2A20}.Debug|x86.Build.0 = Debug|Win32
		{A2C5A640-6529-4A58-AFAC-0961855B2A20}.Release|x64.ActiveCfg = Release|x64
		{A2C5A640-6529-4A58-AFAC-0961855B2A20}.Release|x64.Build.0 = Release|x64
		{A2C5A640-6529-4A58-AFAC-0961855B2A20}.Release|x86.ActiveCfg = Release|Win32
		{A2C5A640-6529-4A58-AFAC-0961855B2A20}.Release|x86.Build.0 = Release|Win32
		{28877873-6BE6-4E48-BB1A-2F789E5E7B11}.Debug|x64.ActiveCfg = Debug|x64
		{28877873-6BE6-4E48-BB1A-2F789E5E7B11}.Debug|x64.Build.0 = Debug|x64
		{28877873-6BE6-4E48-BB1A-2F789E5E7B11}.Debug|x86.ActiveCfg = Debug|Win32
		{28877873-6BE6-4E48-BB1A-2F789E5E7B11}.Debug|x86.Build.0 = Debug|Win32
		{28877873-6BE6-4E48-BB1A-2F789E5E7B11}.Release|x64.ActiveCfg = Release|x64
		{28877873-6BE6-4E48-BB1A-2F789E5E7B11}.Release|x64.Build.0 = Release|x64
		{28877873-6BE6-4E48-BB1A-2F789E5E7B11}.Release|x86.ActiveCfg = Release|Win32
		{28877873-6BE6-4E48-BB1A-2F789E5E7B11}.Release|x86.Build.0 = Release|Win32
		{87488372-D63D-4FBD-A49D-C4BCE27DDA90}.Debug|x64.ActiveCfg = Debug|x64
		{87488372-D63D-4FBD-A49D-C4BCE27DDA90}.Debug|x64.Build.0 = Debug|x64
		{87488372-D63D-4FBD-A49D-C4BCE27DDA90}.Debug|x86.ActiveCfg = Debug|Win32
		{87488372-D63D-4FBD-A49D-C4BCE27DDA90}.Debug|x86.Build.0 = Debug|Win32
		{87488372-D63D-4FBD-A49D-C4BCE27DDA90}.Release|x64.ActiveCfg = Release|x64
		{87488372-D63D-4FBD-A49D-C4BCE27DDA90}.Release|x64.Build.0 = Release|x64
		{87488372-D63D-4FBD-A49D-C4BCE27DDA90}.Release|x86.ActiveCfg = Release|Win32
		{87488372-D63D-4FBD-A49D-C4BCE27DDA90}.Release|x86.Build.0 = Release|Win32
	EndGlobalSection
	GlobalSection(SolutionProperties) = preSolution
		HideSolutionNode = FALSE
	EndGlobalSection
	GlobalSection(ExtensibilityGlobals) = postSolution
		SolutionGuid = {18A47718-6950-45CA-A907-DD4FA08317A3}
	EndGlobalSection
EndGlobal
